{
  "version": 4,
  "terraform_version": "0.12.28",
  "serial": 12,
  "lineage": "ea619a4b-b242-b453-dc9a-6ec3b9463648",
  "outputs": {
    "instance_ips": {
      "value": {
        "demo-01": "10.81.1.64",
        "demo-02": "10.81.1.21",
        "demo-03": "10.81.1.23"
      },
      "type": [
        "object",
        {
          "demo-01": "string",
          "demo-02": "string",
          "demo-03": "string"
        }
      ]
    }
  },
  "resources": [
    {
      "mode": "managed",
      "type": "openstack_compute_instance_v2",
      "name": "Instance",
      "each": "list",
      "provider": "provider.openstack",
      "instances": [
        {
          "index_key": 0,
          "schema_version": 0,
          "attributes": {
            "access_ip_v4": "10.81.1.64",
            "access_ip_v6": "",
            "admin_pass": null,
            "all_metadata": {},
            "all_tags": [],
            "availability_zone": "nova",
            "availability_zone_hints": null,
            "block_device": [],
            "config_drive": null,
            "flavor_id": "550af6c7-841d-4161-bd7f-5c975678ec4e",
            "flavor_name": "m1.tiny",
            "floating_ip": null,
            "force_delete": false,
            "id": "e89676a3-b7b6-43d3-b226-e69576962352",
            "image_id": "fe7a56ca-e3a0-43be-8171-45a4c17c1893",
            "image_name": "cirros",
            "key_pair": "asad",
            "metadata": null,
            "name": "demo-01",
            "network": [
              {
                "access_network": false,
                "fixed_ip_v4": "10.81.1.64",
                "fixed_ip_v6": "",
                "floating_ip": "",
                "mac": "fa:16:3e:85:b0:2b",
                "name": "external",
                "port": "",
                "uuid": "044383ba-2ab1-4948-a664-4427f0fe6082"
              }
            ],
            "personality": [],
            "power_state": "active",
            "region": "regionOne",
            "scheduler_hints": [],
            "security_groups": [
              "default"
            ],
            "stop_before_destroy": false,
            "tags": null,
            "timeouts": null,
            "user_data": "403528d855f943af67c3f866fe39547f9f02ab73",
            "vendor_options": [],
            "volume": []
          },
          "private": "eyJlMmJmYjczMC1lY2FhLTExZTYtOGY4OC0zNDM2M2JjN2M0YzAiOnsiY3JlYXRlIjoxODAwMDAwMDAwMDAwLCJkZWxldGUiOjE4MDAwMDAwMDAwMDAsInVwZGF0ZSI6MTgwMDAwMDAwMDAwMH19"
        },
        {
          "index_key": 1,
          "schema_version": 0,
          "attributes": {
            "access_ip_v4": "10.81.1.21",
            "access_ip_v6": "",
            "admin_pass": null,
            "all_metadata": {},
            "all_tags": [],
            "availability_zone": "nova",
            "availability_zone_hints": null,
            "block_device": [],
            "config_drive": null,
            "flavor_id": "550af6c7-841d-4161-bd7f-5c975678ec4e",
            "flavor_name": "m1.tiny",
            "floating_ip": null,
            "force_delete": false,
            "id": "65024f04-f942-48a1-bec9-e0d657f29852",
            "image_id": "fe7a56ca-e3a0-43be-8171-45a4c17c1893",
            "image_name": "cirros",
            "key_pair": "asad",
            "metadata": null,
            "name": "demo-02",
            "network": [
              {
                "access_network": false,
                "fixed_ip_v4": "10.81.1.21",
                "fixed_ip_v6": "",
                "floating_ip": "",
                "mac": "fa:16:3e:b4:18:05",
                "name": "external",
                "port": "",
                "uuid": "044383ba-2ab1-4948-a664-4427f0fe6082"
              }
            ],
            "personality": [],
            "power_state": "active",
            "region": "regionOne",
            "scheduler_hints": [],
            "security_groups": [
              "default"
            ],
            "stop_before_destroy": false,
            "tags": null,
            "timeouts": null,
            "user_data": "403528d855f943af67c3f866fe39547f9f02ab73",
            "vendor_options": [],
            "volume": []
          },
          "private": "eyJlMmJmYjczMC1lY2FhLTExZTYtOGY4OC0zNDM2M2JjN2M0YzAiOnsiY3JlYXRlIjoxODAwMDAwMDAwMDAwLCJkZWxldGUiOjE4MDAwMDAwMDAwMDAsInVwZGF0ZSI6MTgwMDAwMDAwMDAwMH19"
        },
        {
          "index_key": 2,
          "schema_version": 0,
          "attributes": {
            "access_ip_v4": "10.81.1.23",
            "access_ip_v6": "",
            "admin_pass": null,
            "all_metadata": {},
            "all_tags": [],
            "availability_zone": "nova",
            "availability_zone_hints": null,
            "block_device": [],
            "config_drive": null,
            "flavor_id": "550af6c7-841d-4161-bd7f-5c975678ec4e",
            "flavor_name": "m1.tiny",
            "floating_ip": null,
            "force_delete": false,
            "id": "31829f4b-227c-43ef-9905-2fde6bc052d9",
            "image_id": "fe7a56ca-e3a0-43be-8171-45a4c17c1893",
            "image_name": "cirros",
            "key_pair": "asad",
            "metadata": null,
            "name": "demo-03",
            "network": [
              {
                "access_network": false,
                "fixed_ip_v4": "10.81.1.23",
                "fixed_ip_v6": "",
                "floating_ip": "",
                "mac": "fa:16:3e:c9:14:fb",
                "name": "external",
                "port": "",
                "uuid": "044383ba-2ab1-4948-a664-4427f0fe6082"
              }
            ],
            "personality": [],
            "power_state": "active",
            "region": "regionOne",
            "scheduler_hints": [],
            "security_groups": [
              "default"
            ],
            "stop_before_destroy": false,
            "tags": null,
            "timeouts": null,
            "user_data": "403528d855f943af67c3f866fe39547f9f02ab73",
            "vendor_options": [],
            "volume": []
          },
          "private": "eyJlMmJmYjczMC1lY2FhLTExZTYtOGY4OC0zNDM2M2JjN2M0YzAiOnsiY3JlYXRlIjoxODAwMDAwMDAwMDAwLCJkZWxldGUiOjE4MDAwMDAwMDAwMDAsInVwZGF0ZSI6MTgwMDAwMDAwMDAwMH19"
        }
      ]
    }
  ]
}
